
Microsoft Visual Studio Solution File, Format Version 12.00
# Visual Studio Version 17
VisualStudioVersion = 17.11.35312.102
MinimumVisualStudioVersion = 10.0.40219.1
Project("{9A19103F-16F7-4668-BE54-9A1E7A4F7556}") = "WebApplication1", "WebApplication1\WebApplication1.csproj", "{C1121F84-F2D8-460F-BA99-1844AAECB1E3}"
EndProject
Project("{FAE04EC0-301F-11D3-BF4B-00C04F79EFBC}") = "WelcomePage", "WelcomePage\WelcomePage.csproj", "{ED81E545-4921-4F82-A30A-08C0DAA4171B}"
EndProject
Project("{FAE04EC0-301F-11D3-BF4B-00C04F79EFBC}") = "StatiFiles", "StatiFiles\StatiFiles.csproj", "{463A4CC2-D9A9-4C95-B0F0-2DB9F8E3B4DF}"
EndProject
Project("{FAE04EC0-301F-11D3-BF4B-00C04F79EFBC}") = "MinimalAPI", "MinimalAPI\MinimalAPI.csproj", "{F30CDC19-7C0C-4AAE-9E54-2E3EA8B1A5A7}"
EndProject
Global
	GlobalSection(SolutionConfigurationPlatforms) = preSolution
		Debug|Any CPU = Debug|Any CPU
		Release|Any CPU = Release|Any CPU
	EndGlobalSection
	GlobalSection(ProjectConfigurationPlatforms) = postSolution
		{C1121F84-F2D8-460F-BA99-1844AAECB1E3}.Debug|Any CPU.ActiveCfg = Debug|Any CPU
		{C1121F84-F2D8-460F-BA99-1844AAECB1E3}.Debug|Any CPU.Build.0 = Debug|Any CPU
		{C1121F84-F2D8-460F-BA99-1844AAECB1E3}.Release|Any CPU.ActiveCfg = Release|Any CPU
		{C1121F84-F2D8-460F-BA99-1844AAECB1E3}.Release|Any CPU.Build.0 = Release|Any CPU
		{ED81E545-4921-4F82-A30A-08C0DAA4171B}.Debug|Any CPU.ActiveCfg = Debug|Any CPU
		{ED81E545-4921-4F82-A30A-08C0DAA4171B}.Debug|Any CPU.Build.0 = Debug|Any CPU
		{ED81E545-4921-4F82-A30A-08C0DAA4171B}.Release|Any CPU.ActiveCfg = Release|Any CPU
		{ED81E545-4921-4F82-A30A-08C0DAA4171B}.Release|Any CPU.Build.0 = Release|Any CPU
		{463A4CC2-D9A9-4C95-B0F0-2DB9F8E3B4DF}.Debug|Any CPU.ActiveCfg = Debug|Any CPU
		{463A4CC2-D9A9-4C95-B0F0-2DB9F8E3B4DF}.Debug|Any CPU.Build.0 = Debug|Any CPU
		{463A4CC2-D9A9-4C95-B0F0-2DB9F8E3B4DF}.Release|Any CPU.ActiveCfg = Release|Any CPU
		{463A4CC2-D9A9-4C95-B0F0-2DB9F8E3B4DF}.Release|Any CPU.Build.0 = Release|Any CPU
		{F30CDC19-7C0C-4AAE-9E54-2E3EA8B1A5A7}.Debug|Any CPU.ActiveCfg = Debug|Any CPU
		{F30CDC19-7C0C-4AAE-9E54-2E3EA8B1A5A7}.Debug|Any CPU.Build.0 = Debug|Any CPU
		{F30CDC19-7C0C-4AAE-9E54-2E3EA8B1A5A7}.Release|Any CPU.ActiveCfg = Release|Any CPU
		{F30CDC19-7C0C-4AAE-9E54-2E3EA8B1A5A7}.Release|Any CPU.Build.0 = Release|Any CPU
	EndGlobalSection
	GlobalSection(SolutionProperties) = preSolution
		HideSolutionNode = FALSE
	EndGlobalSection
	GlobalSection(ExtensibilityGlobals) = postSolution
		SolutionGuid = {3BF78996-2DAD-45C6-8E68-E8FBD9BBCD4E}
	EndGlobalSection
EndGlobal
